// !$*UTF8*$!
{
	archiveVersion = 1;
	classes = {
	};
	objectVersion = 50;
	objects = {

/* Begin PBXBuildFile section */
		2752085822E0FF7A003E73BA /* EmojiElementViewController.swift in Sources */ = {isa = PBXBuildFile; fileRef = 2752085722E0FF7A003E73BA /* EmojiElementViewController.swift */; };
		2783A85F2344502A00E80BDB /* ConditionalMelody.swift in Sources */ = {isa = PBXBuildFile; fileRef = 2783A85E2344502A00E80BDB /* ConditionalMelody.swift */; };
		2783A8612344514600E80BDB /* MelodyGenerator.swift in Sources */ = {isa = PBXBuildFile; fileRef = 2783A8602344514600E80BDB /* MelodyGenerator.swift */; };
		2798749C22DF5B0900970680 /* MediaElementAddViewController.swift in Sources */ = {isa = PBXBuildFile; fileRef = 2798749B22DF5B0900970680 /* MediaElementAddViewController.swift */; };
		2798749E22DF608E00970680 /* ImageElementAddViewController.swift in Sources */ = {isa = PBXBuildFile; fileRef = 2798749D22DF608E00970680 /* ImageElementAddViewController.swift */; };
		279874A022E0970900970680 /* HummingElementViewController.swift in Sources */ = {isa = PBXBuildFile; fileRef = 2798749F22E0970900970680 /* HummingElementViewController.swift */; };
		27994B08234A654E0089AA75 /* MelodyPresentationView.swift in Sources */ = {isa = PBXBuildFile; fileRef = 27994B07234A654E0089AA75 /* MelodyPresentationView.swift */; };
		27A5F412234A6DAF00678915 /* ImagePresentationView.swift in Sources */ = {isa = PBXBuildFile; fileRef = 27A5F411234A6DAF00678915 /* ImagePresentationView.swift */; };
		27A5F414234A701800678915 /* EmojiPresentationView.swift in Sources */ = {isa = PBXBuildFile; fileRef = 27A5F413234A701800678915 /* EmojiPresentationView.swift */; };
		27B51BC122DA1DA300B8B887 /* MediaElement.swift in Sources */ = {isa = PBXBuildFile; fileRef = 27B51BC022DA1DA300B8B887 /* MediaElement.swift */; };
		27B51BC422DA880500B8B887 /* TokenGenerator.swift in Sources */ = {isa = PBXBuildFile; fileRef = 27B51BC322DA880500B8B887 /* TokenGenerator.swift */; };
		3A157F782166F7C200CF4B0B /* CommunityViewController.swift in Sources */ = {isa = PBXBuildFile; fileRef = 3A157F772166F7C200CF4B0B /* CommunityViewController.swift */; };
		3A1A08BE2163B125005F4251 /* Extensions.swift in Sources */ = {isa = PBXBuildFile; fileRef = 3A1A08BD2163B125005F4251 /* Extensions.swift */; };
		3A1A08C02164516E005F4251 /* MindViewController.swift in Sources */ = {isa = PBXBuildFile; fileRef = 3A1A08BF2164516E005F4251 /* MindViewController.swift */; };
		3A57CE5F216302DE00D8B864 /* Create N Share.storyboard in Resources */ = {isa = PBXBuildFile; fileRef = 3A57CE5E216302DE00D8B864 /* Create N Share.storyboard */; };
		3A57CE612163057300D8B864 /* MelodyGenerateViewController.swift in Sources */ = {isa = PBXBuildFile; fileRef = 3A57CE602163057300D8B864 /* MelodyGenerateViewController.swift */; };
		3A57CE632163066D00D8B864 /* MelodyShareViewController.swift in Sources */ = {isa = PBXBuildFile; fileRef = 3A57CE622163066D00D8B864 /* MelodyShareViewController.swift */; };
		3A57CE6521630E0100D8B864 /* ConditionElementCollectionViewCell.swift in Sources */ = {isa = PBXBuildFile; fileRef = 3A57CE6421630E0100D8B864 /* ConditionElementCollectionViewCell.swift */; };
		3A57CE672163181F00D8B864 /* BasicStructures.swift in Sources */ = {isa = PBXBuildFile; fileRef = 3A57CE662163181F00D8B864 /* BasicStructures.swift */; };
		3A57CE722163991F00D8B864 /* Default-568h@2x.png in Resources */ = {isa = PBXBuildFile; fileRef = 3A57CE712163991F00D8B864 /* Default-568h@2x.png */; };
		3AED3B7E216916550074BA44 /* MBDataManager.swift in Sources */ = {isa = PBXBuildFile; fileRef = 3AED3B7D216916550074BA44 /* MBDataManager.swift */; };
		3AFE6A01216264F200859AD3 /* AppDelegate.swift in Sources */ = {isa = PBXBuildFile; fileRef = 3AFE6A00216264F200859AD3 /* AppDelegate.swift */; };
		3AFE6A06216264F200859AD3 /* Main.storyboard in Resources */ = {isa = PBXBuildFile; fileRef = 3AFE6A04216264F200859AD3 /* Main.storyboard */; };
		3AFE6A08216264F300859AD3 /* Assets.xcassets in Resources */ = {isa = PBXBuildFile; fileRef = 3AFE6A07216264F300859AD3 /* Assets.xcassets */; };
		3AFE6A0B216264F300859AD3 /* LaunchScreen.storyboard in Resources */ = {isa = PBXBuildFile; fileRef = 3AFE6A09216264F300859AD3 /* LaunchScreen.storyboard */; };
		7C1643DF8D5DC84C107A7531 /* Pods_Mind_Band.framework in Frameworks */ = {isa = PBXBuildFile; fileRef = F116F0839888095C0025E431 /* Pods_Mind_Band.framework */; };
/* End PBXBuildFile section */

/* Begin PBXFileReference section */
		2752085722E0FF7A003E73BA /* EmojiElementViewController.swift */ = {isa = PBXFileReference; lastKnownFileType = sourcecode.swift; path = EmojiElementViewController.swift; sourceTree = "<group>"; };
		2783A85E2344502A00E80BDB /* ConditionalMelody.swift */ = {isa = PBXFileReference; lastKnownFileType = sourcecode.swift; path = ConditionalMelody.swift; sourceTree = "<group>"; };
		2783A8602344514600E80BDB /* MelodyGenerator.swift */ = {isa = PBXFileReference; lastKnownFileType = sourcecode.swift; path = MelodyGenerator.swift; sourceTree = "<group>"; };
		2798749B22DF5B0900970680 /* MediaElementAddViewController.swift */ = {isa = PBXFileReference; lastKnownFileType = sourcecode.swift; path = MediaElementAddViewController.swift; sourceTree = "<group>"; };
		2798749D22DF608E00970680 /* ImageElementAddViewController.swift */ = {isa = PBXFileReference; lastKnownFileType = sourcecode.swift; path = ImageElementAddViewController.swift; sourceTree = "<group>"; };
		2798749F22E0970900970680 /* HummingElementViewController.swift */ = {isa = PBXFileReference; lastKnownFileType = sourcecode.swift; path = HummingElementViewController.swift; sourceTree = "<group>"; };
		27994B07234A654E0089AA75 /* MelodyPresentationView.swift */ = {isa = PBXFileReference; lastKnownFileType = sourcecode.swift; path = MelodyPresentationView.swift; sourceTree = "<group>"; };
		27A5F411234A6DAF00678915 /* ImagePresentationView.swift */ = {isa = PBXFileReference; lastKnownFileType = sourcecode.swift; path = ImagePresentationView.swift; sourceTree = "<group>"; };
		27A5F413234A701800678915 /* EmojiPresentationView.swift */ = {isa = PBXFileReference; lastKnownFileType = sourcecode.swift; path = EmojiPresentationView.swift; sourceTree = "<group>"; };
		27B51BC022DA1DA300B8B887 /* MediaElement.swift */ = {isa = PBXFileReference; lastKnownFileType = sourcecode.swift; path = MediaElement.swift; sourceTree = "<group>"; };
		27B51BC322DA880500B8B887 /* TokenGenerator.swift */ = {isa = PBXFileReference; lastKnownFileType = sourcecode.swift; path = TokenGenerator.swift; sourceTree = "<group>"; };
		3A157F772166F7C200CF4B0B /* CommunityViewController.swift */ = {isa = PBXFileReference; lastKnownFileType = sourcecode.swift; path = CommunityViewController.swift; sourceTree = "<group>"; };
		3A1A08BD2163B125005F4251 /* Extensions.swift */ = {isa = PBXFileReference; lastKnownFileType = sourcecode.swift; path = Extensions.swift; sourceTree = "<group>"; };
		3A1A08BF2164516E005F4251 /* MindViewController.swift */ = {isa = PBXFileReference; lastKnownFileType = sourcecode.swift; path = MindViewController.swift; sourceTree = "<group>"; };
		3A57CE5E216302DE00D8B864 /* Create N Share.storyboard */ = {isa = PBXFileReference; lastKnownFileType = file.storyboard; path = "Create N Share.storyboard"; sourceTree = "<group>"; };
		3A57CE602163057300D8B864 /* MelodyGenerateViewController.swift */ = {isa = PBXFileReference; lastKnownFileType = sourcecode.swift; path = MelodyGenerateViewController.swift; sourceTree = "<group>"; };
		3A57CE622163066D00D8B864 /* MelodyShareViewController.swift */ = {isa = PBXFileReference; lastKnownFileType = sourcecode.swift; path = MelodyShareViewController.swift; sourceTree = "<group>"; };
		3A57CE6421630E0100D8B864 /* ConditionElementCollectionViewCell.swift */ = {isa = PBXFileReference; lastKnownFileType = sourcecode.swift; path = ConditionElementCollectionViewCell.swift; sourceTree = "<group>"; };
		3A57CE662163181F00D8B864 /* BasicStructures.swift */ = {isa = PBXFileReference; lastKnownFileType = sourcecode.swift; path = BasicStructures.swift; sourceTree = "<group>"; };
		3A57CE712163991F00D8B864 /* Default-568h@2x.png */ = {isa = PBXFileReference; lastKnownFileType = image.png; path = "Default-568h@2x.png"; sourceTree = "<group>"; };
		3AED3B7D216916550074BA44 /* MBDataManager.swift */ = {isa = PBXFileReference; lastKnownFileType = sourcecode.swift; path = MBDataManager.swift; sourceTree = "<group>"; };
		3AFE69FD216264F100859AD3 /* Mind_Band.app */ = {isa = PBXFileReference; explicitFileType = wrapper.application; includeInIndex = 0; path = Mind_Band.app; sourceTree = BUILT_PRODUCTS_DIR; };
		3AFE6A00216264F200859AD3 /* AppDelegate.swift */ = {isa = PBXFileReference; lastKnownFileType = sourcecode.swift; path = AppDelegate.swift; sourceTree = "<group>"; };
		3AFE6A05216264F200859AD3 /* Base */ = {isa = PBXFileReference; lastKnownFileType = file.storyboard; name = Base; path = Base.lproj/Main.storyboard; sourceTree = "<group>"; };
		3AFE6A07216264F300859AD3 /* Assets.xcassets */ = {isa = PBXFileReference; lastKnownFileType = folder.assetcatalog; path = Assets.xcassets; sourceTree = "<group>"; };
		3AFE6A0A216264F300859AD3 /* Base */ = {isa = PBXFileReference; lastKnownFileType = file.storyboard; name = Base; path = Base.lproj/LaunchScreen.storyboard; sourceTree = "<group>"; };
		3AFE6A0C216264F300859AD3 /* Info.plist */ = {isa = PBXFileReference; lastKnownFileType = text.plist.xml; path = Info.plist; sourceTree = "<group>"; };
		9E3A98741BB90193B5AF0AB1 /* Pods-Mind_Band.debug.xcconfig */ = {isa = PBXFileReference; includeInIndex = 1; lastKnownFileType = text.xcconfig; name = "Pods-Mind_Band.debug.xcconfig"; path = "Pods/Target Support Files/Pods-Mind_Band/Pods-Mind_Band.debug.xcconfig"; sourceTree = "<group>"; };
		F116F0839888095C0025E431 /* Pods_Mind_Band.framework */ = {isa = PBXFileReference; explicitFileType = wrapper.framework; includeInIndex = 0; path = Pods_Mind_Band.framework; sourceTree = BUILT_PRODUCTS_DIR; };
		FC7D1559F0F4F2B64C1E57EC /* Pods-Mind_Band.release.xcconfig */ = {isa = PBXFileReference; includeInIndex = 1; lastKnownFileType = text.xcconfig; name = "Pods-Mind_Band.release.xcconfig"; path = "Pods/Target Support Files/Pods-Mind_Band/Pods-Mind_Band.release.xcconfig"; sourceTree = "<group>"; };
/* End PBXFileReference section */

/* Begin PBXFrameworksBuildPhase section */
		3AFE69FA216264F100859AD3 /* Frameworks */ = {
			isa = PBXFrameworksBuildPhase;
			buildActionMask = 2147483647;
			files = (
				7C1643DF8D5DC84C107A7531 /* Pods_Mind_Band.framework in Frameworks */,
			);
			runOnlyForDeploymentPostprocessing = 0;
		};
/* End PBXFrameworksBuildPhase section */

/* Begin PBXGroup section */
		2762C5DA22DF59B500CB3FC4 /* ElementAdding */ = {
			isa = PBXGroup;
			children = (
				2798749B22DF5B0900970680 /* MediaElementAddViewController.swift */,
				2798749D22DF608E00970680 /* ImageElementAddViewController.swift */,
				2798749F22E0970900970680 /* HummingElementViewController.swift */,
				2752085722E0FF7A003E73BA /* EmojiElementViewController.swift */,
			);
			path = ElementAdding;
			sourceTree = "<group>";
		};
		27A5F410234A6D7E00678915 /* PresentationView */ = {
			isa = PBXGroup;
			children = (
				27994B07234A654E0089AA75 /* MelodyPresentationView.swift */,
				27A5F411234A6DAF00678915 /* ImagePresentationView.swift */,
				27A5F413234A701800678915 /* EmojiPresentationView.swift */,
			);
			path = PresentationView;
			sourceTree = "<group>";
		};
		27B51BC222DA879D00B8B887 /* Backend */ = {
			isa = PBXGroup;
			children = (
				27B51BC322DA880500B8B887 /* TokenGenerator.swift */,
				2783A8602344514600E80BDB /* MelodyGenerator.swift */,
			);
			path = Backend;
			sourceTree = "<group>";
		};
		330F274FE9137EA6268F5326 /* Pods */ = {
			isa = PBXGroup;
			children = (
				9E3A98741BB90193B5AF0AB1 /* Pods-Mind_Band.debug.xcconfig */,
				FC7D1559F0F4F2B64C1E57EC /* Pods-Mind_Band.release.xcconfig */,
			);
			name = Pods;
			sourceTree = "<group>";
		};
		3A157F792166F7D500CF4B0B /* Mind */ = {
			isa = PBXGroup;
			children = (
				3A1A08BF2164516E005F4251 /* MindViewController.swift */,
				2762C5DA22DF59B500CB3FC4 /* ElementAdding */,
				3A57CE6821638F4400D8B864 /* Create N Share */,
			);
			path = Mind;
			sourceTree = "<group>";
		};
		3A157F7A2166F7F600CF4B0B /* Community */ = {
			isa = PBXGroup;
			children = (
				3A157F772166F7C200CF4B0B /* CommunityViewController.swift */,
			);
			path = Community;
			sourceTree = "<group>";
		};
		3A57CE6821638F4400D8B864 /* Create N Share */ = {
			isa = PBXGroup;
			children = (
				3A57CE5E216302DE00D8B864 /* Create N Share.storyboard */,
				3A57CE602163057300D8B864 /* MelodyGenerateViewController.swift */,
				27A5F410234A6D7E00678915 /* PresentationView */,
				3A57CE622163066D00D8B864 /* MelodyShareViewController.swift */,
				3A57CE6421630E0100D8B864 /* ConditionElementCollectionViewCell.swift */,
			);
			path = "Create N Share";
			sourceTree = "<group>";
		};
		3A57CE6D216397DE00D8B864 /* Foundation */ = {
			isa = PBXGroup;
			children = (
				3A57CE662163181F00D8B864 /* BasicStructures.swift */,
				3AED3B7D216916550074BA44 /* MBDataManager.swift */,
				3A1A08BD2163B125005F4251 /* Extensions.swift */,
				27B51BC022DA1DA300B8B887 /* MediaElement.swift */,
				2783A85E2344502A00E80BDB /* ConditionalMelody.swift */,
				27B51BC222DA879D00B8B887 /* Backend */,
			);
			path = Foundation;
			sourceTree = "<group>";
		};
		3AFE69F4216264F100859AD3 = {
			isa = PBXGroup;
			children = (
				3A57CE712163991F00D8B864 /* Default-568h@2x.png */,
				3AFE69FF216264F100859AD3 /* Mind_Band */,
				3AFE69FE216264F100859AD3 /* Products */,
				330F274FE9137EA6268F5326 /* Pods */,
				AB5A78DC2D40765670F1E7B1 /* Frameworks */,
			);
			sourceTree = "<group>";
		};
		3AFE69FE216264F100859AD3 /* Products */ = {
			isa = PBXGroup;
			children = (
				3AFE69FD216264F100859AD3 /* Mind_Band.app */,
			);
			name = Products;
			sourceTree = "<group>";
		};
		3AFE69FF216264F100859AD3 /* Mind_Band */ = {
			isa = PBXGroup;
			children = (
				3AFE6A00216264F200859AD3 /* AppDelegate.swift */,
				3AFE6A0C216264F300859AD3 /* Info.plist */,
				3AFE6A09216264F300859AD3 /* LaunchScreen.storyboard */,
				3AFE6A04216264F200859AD3 /* Main.storyboard */,
				3A157F792166F7D500CF4B0B /* Mind */,
				3A157F7A2166F7F600CF4B0B /* Community */,
				3A57CE6D216397DE00D8B864 /* Foundation */,
				3AFE6A07216264F300859AD3 /* Assets.xcassets */,
			);
			path = Mind_Band;
			sourceTree = "<group>";
		};
		AB5A78DC2D40765670F1E7B1 /* Frameworks */ = {
			isa = PBXGroup;
			children = (
				F116F0839888095C0025E431 /* Pods_Mind_Band.framework */,
			);
			name = Frameworks;
			sourceTree = "<group>";
		};
/* End PBXGroup section */

/* Begin PBXNativeTarget section */
		3AFE69FC216264F100859AD3 /* Mind_Band */ = {
			isa = PBXNativeTarget;
			buildConfigurationList = 3AFE6A0F216264F300859AD3 /* Build configuration list for PBXNativeTarget "Mind_Band" */;
			buildPhases = (
				D373347D31275A3FFA7780A1 /* [CP] Check Pods Manifest.lock */,
				3AFE69F9216264F100859AD3 /* Sources */,
				3AFE69FA216264F100859AD3 /* Frameworks */,
				3AFE69FB216264F100859AD3 /* Resources */,
				8300E73A8AE117A62E5ABF9B /* [CP] Embed Pods Frameworks */,
			);
			buildRules = (
			);
			dependencies = (
			);
			name = Mind_Band;
			productName = Mind_Band;
			productReference = 3AFE69FD216264F100859AD3 /* Mind_Band.app */;
			productType = "com.apple.product-type.application";
		};
/* End PBXNativeTarget section */

/* Begin PBXProject section */
		3AFE69F5216264F100859AD3 /* Project object */ = {
			isa = PBXProject;
			attributes = {
				LastSwiftUpdateCheck = 1000;
				LastUpgradeCheck = 1000;
				ORGANIZATIONNAME = "李灿晨";
				TargetAttributes = {
					3AFE69FC216264F100859AD3 = {
						CreatedOnToolsVersion = 10.0;
						LastSwiftMigration = 1020;
					};
				};
			};
			buildConfigurationList = 3AFE69F8216264F100859AD3 /* Build configuration list for PBXProject "Mind_Band" */;
			compatibilityVersion = "Xcode 9.3";
			developmentRegion = en;
			hasScannedForEncodings = 0;
			knownRegions = (
				en,
				Base,
			);
			mainGroup = 3AFE69F4216264F100859AD3;
			productRefGroup = 3AFE69FE216264F100859AD3 /* Products */;
			projectDirPath = "";
			projectRoot = "";
			targets = (
				3AFE69FC216264F100859AD3 /* Mind_Band */,
			);
		};
/* End PBXProject section */

/* Begin PBXResourcesBuildPhase section */
		3AFE69FB216264F100859AD3 /* Resources */ = {
			isa = PBXResourcesBuildPhase;
			buildActionMask = 2147483647;
			files = (
				3AFE6A0B216264F300859AD3 /* LaunchScreen.storyboard in Resources */,
				3A57CE5F216302DE00D8B864 /* Create N Share.storyboard in Resources */,
				3AFE6A08216264F300859AD3 /* Assets.xcassets in Resources */,
				3A57CE722163991F00D8B864 /* Default-568h@2x.png in Resources */,
				3AFE6A06216264F200859AD3 /* Main.storyboard in Resources */,
			);
			runOnlyForDeploymentPostprocessing = 0;
		};
/* End PBXResourcesBuildPhase section */

/* Begin PBXShellScriptBuildPhase section */
		8300E73A8AE117A62E5ABF9B /* [CP] Embed Pods Frameworks */ = {
			isa = PBXShellScriptBuildPhase;
			buildActionMask = 2147483647;
			files = (
			);
			inputFileListPaths = (
			);
			inputPaths = (
				"${PODS_ROOT}/Target Support Files/Pods-Mind_Band/Pods-Mind_Band-frameworks.sh",
				"${BUILT_PRODUCTS_DIR}/Alamofire/Alamofire.framework",
				"${BUILT_PRODUCTS_DIR}/SVProgressHUD/SVProgressHUD.framework",
			);
			name = "[CP] Embed Pods Frameworks";
			outputFileListPaths = (
			);
			outputPaths = (
				"${TARGET_BUILD_DIR}/${FRAMEWORKS_FOLDER_PATH}/Alamofire.framework",
				"${TARGET_BUILD_DIR}/${FRAMEWORKS_FOLDER_PATH}/SVProgressHUD.framework",
			);
			runOnlyForDeploymentPostprocessing = 0;
			shellPath = /bin/sh;
			shellScript = "\"${PODS_ROOT}/Target Support Files/Pods-Mind_Band/Pods-Mind_Band-frameworks.sh\"\n";
			showEnvVarsInLog = 0;
		};
		D373347D31275A3FFA7780A1 /* [CP] Check Pods Manifest.lock */ = {
			isa = PBXShellScriptBuildPhase;
			buildActionMask = 2147483647;
			files = (
			);
			inputPaths = (
				"${PODS_PODFILE_DIR_PATH}/Podfile.lock",
				"${PODS_ROOT}/Manifest.lock",
			);
			name = "[CP] Check Pods Manifest.lock";
			outputPaths = (
				"$(DERIVED_FILE_DIR)/Pods-Mind_Band-checkManifestLockResult.txt",
			);
			runOnlyForDeploymentPostprocessing = 0;
			shellPath = /bin/sh;
			shellScript = "diff \"${PODS_PODFILE_DIR_PATH}/Podfile.lock\" \"${PODS_ROOT}/Manifest.lock\" > /dev/null\nif [ $? != 0 ] ; then\n    # print error to STDERR\n    echo \"error: The sandbox is not in sync with the Podfile.lock. Run 'pod install' or update your CocoaPods installation.\" >&2\n    exit 1\nfi\n# This output is used by Xcode 'outputs' to avoid re-running this script phase.\necho \"SUCCESS\" > \"${SCRIPT_OUTPUT_FILE_0}\"\n";
			showEnvVarsInLog = 0;
		};
/* End PBXShellScriptBuildPhase section */

/* Begin PBXSourcesBuildPhase section */
		3AFE69F9216264F100859AD3 /* Sources */ = {
			isa = PBXSourcesBuildPhase;
			buildActionMask = 2147483647;
			files = (
				3AED3B7E216916550074BA44 /* MBDataManager.swift in Sources */,
				3A57CE612163057300D8B864 /* MelodyGenerateViewController.swift in Sources */,
				2798749C22DF5B0900970680 /* MediaElementAddViewController.swift in Sources */,
				2798749E22DF608E00970680 /* ImageElementAddViewController.swift in Sources */,
				2783A85F2344502A00E80BDB /* ConditionalMelody.swift in Sources */,
				27A5F414234A701800678915 /* EmojiPresentationView.swift in Sources */,
				3A57CE632163066D00D8B864 /* MelodyShareViewController.swift in Sources */,
				27B51BC122DA1DA300B8B887 /* MediaElement.swift in Sources */,
				3AFE6A01216264F200859AD3 /* AppDelegate.swift in Sources */,
				279874A022E0970900970680 /* HummingElementViewController.swift in Sources */,
				3A1A08C02164516E005F4251 /* MindViewController.swift in Sources */,
				2752085822E0FF7A003E73BA /* EmojiElementViewController.swift in Sources */,
				2783A8612344514600E80BDB /* MelodyGenerator.swift in Sources */,
				3A57CE672163181F00D8B864 /* BasicStructures.swift in Sources */,
				3A157F782166F7C200CF4B0B /* CommunityViewController.swift in Sources */,
				3A57CE6521630E0100D8B864 /* ConditionElementCollectionViewCell.swift in Sources */,
				3A1A08BE2163B125005F4251 /* Extensions.swift in Sources */,
				27B51BC422DA880500B8B887 /* TokenGenerator.swift in Sources */,
				27994B08234A654E0089AA75 /* MelodyPresentationView.swift in Sources */,
				27A5F412234A6DAF00678915 /* ImagePresentationView.swift in Sources */,
			);
			runOnlyForDeploymentPostprocessing = 0;
		};
/* End PBXSourcesBuildPhase section */

/* Begin PBXVariantGroup section */
		3AFE6A04216264F200859AD3 /* Main.storyboard */ = {
			isa = PBXVariantGroup;
			children = (
				3AFE6A05216264F200859AD3 /* Base */,
			);
			name = Main.storyboard;
			sourceTree = "<group>";
		};
		3AFE6A09216264F300859AD3 /* LaunchScreen.storyboard */ = {
			isa = PBXVariantGroup;
			children = (
				3AFE6A0A216264F300859AD3 /* Base */,
			);
			name = LaunchScreen.storyboard;
			sourceTree = "<group>";
		};
/* End PBXVariantGroup section */

/* Begin XCBuildConfiguration section */
		3AFE6A0D216264F300859AD3 /* Debug */ = {
			isa = XCBuildConfiguration;
			buildSettings = {
				ALWAYS_SEARCH_USER_PATHS = NO;
				CLANG_ANALYZER_NONNULL = YES;
				CLANG_ANALYZER_NUMBER_OBJECT_CONVERSION = YES_AGGRESSIVE;
				CLANG_CXX_LANGUAGE_STANDARD = "gnu++14";
				CLANG_CXX_LIBRARY = "libc++";
				CLANG_ENABLE_MODULES = YES;
				CLANG_ENABLE_OBJC_ARC = YES;
				CLANG_ENABLE_OBJC_WEAK = YES;
				CLANG_WARN_BLOCK_CAPTURE_AUTORELEASING = YES;
				CLANG_WARN_BOOL_CONVERSION = YES;
				CLANG_WARN_COMMA = YES;
				CLANG_WARN_CONSTANT_CONVERSION = YES;
				CLANG_WARN_DEPRECATED_OBJC_IMPLEMENTATIONS = YES;
				CLANG_WARN_DIRECT_OBJC_ISA_USAGE = YES_ERROR;
				CLANG_WARN_DOCUMENTATION_COMMENTS = YES;
				CLANG_WARN_EMPTY_BODY = YES;
				CLANG_WARN_ENUM_CONVERSION = YES;
				CLANG_WARN_INFINITE_RECURSION = YES;
				CLANG_WARN_INT_CONVERSION = YES;
				CLANG_WARN_NON_LITERAL_NULL_CONVERSION = YES;
				CLANG_WARN_OBJC_IMPLICIT_RETAIN_SELF = YES;
				CLANG_WARN_OBJC_LITERAL_CONVERSION = YES;
				CLANG_WARN_OBJC_ROOT_CLASS = YES_ERROR;
				CLANG_WARN_RANGE_LOOP_ANALYSIS = YES;
				CLANG_WARN_STRICT_PROTOTYPES = YES;
				CLANG_WARN_SUSPICIOUS_MOVE = YES;
				CLANG_WARN_UNGUARDED_AVAILABILITY = YES_AGGRESSIVE;
				CLANG_WARN_UNREACHABLE_CODE = YES;
				CLANG_WARN__DUPLICATE_METHOD_MATCH = YES;
				CODE_SIGN_IDENTITY = "iPhone Developer";
				COPY_PHASE_STRIP = NO;
				DEBUG_INFORMATION_FORMAT = dwarf;
				ENABLE_STRICT_OBJC_MSGSEND = YES;
				ENABLE_TESTABILITY = YES;
				GCC_C_LANGUAGE_STANDARD = gnu11;
				GCC_DYNAMIC_NO_PIC = NO;
				GCC_NO_COMMON_BLOCKS = YES;
				GCC_OPTIMIZATION_LEVEL = 0;
				GCC_PREPROCESSOR_DEFINITIONS = (
					"DEBUG=1",
					"$(inherited)",
				);
				GCC_WARN_64_TO_32_BIT_CONVERSION = YES;
				GCC_WARN_ABOUT_RETURN_TYPE = YES_ERROR;
				GCC_WARN_UNDECLARED_SELECTOR = YES;
				GCC_WARN_UNINITIALIZED_AUTOS = YES_AGGRESSIVE;
				GCC_WARN_UNUSED_FUNCTION = YES;
				GCC_WARN_UNUSED_VARIABLE = YES;
				IPHONEOS_DEPLOYMENT_TARGET = 12.0;
				MTL_ENABLE_DEBUG_INFO = INCLUDE_SOURCE;
				MTL_FAST_MATH = YES;
				ONLY_ACTIVE_ARCH = YES;
				SDKROOT = iphoneos;
				SWIFT_ACTIVE_COMPILATION_CONDITIONS = DEBUG;
				SWIFT_OPTIMIZATION_LEVEL = "-Onone";
			};
			name = Debug;
		};
		3AFE6A0E216264F300859AD3 /* Release */ = {
			isa = XCBuildConfiguration;
			buildSettings = {
				ALWAYS_SEARCH_USER_PATHS = NO;
				CLANG_ANALYZER_NONNULL = YES;
				CLANG_ANALYZER_NUMBER_OBJECT_CONVERSION = YES_AGGRESSIVE;
				CLANG_CXX_LANGUAGE_STANDARD = "gnu++14";
				CLANG_CXX_LIBRARY = "libc++";
				CLANG_ENABLE_MODULES = YES;
				CLANG_ENABLE_OBJC_ARC = YES;
				CLANG_ENABLE_OBJC_WEAK = YES;
				CLANG_WARN_BLOCK_CAPTURE_AUTORELEASING = YES;
				CLANG_WARN_BOOL_CONVERSION = YES;
				CLANG_WARN_COMMA = YES;
				CLANG_WARN_CONSTANT_CONVERSION = YES;
				CLANG_WARN_DEPRECATED_OBJC_IMPLEMENTATIONS = YES;
				CLANG_WARN_DIRECT_OBJC_ISA_USAGE = YES_ERROR;
				CLANG_WARN_DOCUMENTATION_COMMENTS = YES;
				CLANG_WARN_EMPTY_BODY = YES;
				CLANG_WARN_ENUM_CONVERSION = YES;
				CLANG_WARN_INFINITE_RECURSION = YES;
				CLANG_WARN_INT_CONVERSION = YES;
				CLANG_WARN_NON_LITERAL_NULL_CONVERSION = YES;
				CLANG_WARN_OBJC_IMPLICIT_RETAIN_SELF = YES;
				CLANG_WARN_OBJC_LITERAL_CONVERSION = YES;
				CLANG_WARN_OBJC_ROOT_CLASS = YES_ERROR;
				CLANG_WARN_RANGE_LOOP_ANALYSIS = YES;
				CLANG_WARN_STRICT_PROTOTYPES = YES;
				CLANG_WARN_SUSPICIOUS_MOVE = YES;
				CLANG_WARN_UNGUARDED_AVAILABILITY = YES_AGGRESSIVE;
				CLANG_WARN_UNREACHABLE_CODE = YES;
				CLANG_WARN__DUPLICATE_METHOD_MATCH = YES;
				CODE_SIGN_IDENTITY = "iPhone Developer";
				COPY_PHASE_STRIP = NO;
				DEBUG_INFORMATION_FORMAT = "dwarf-with-dsym";
				ENABLE_NS_ASSERTIONS = NO;
				ENABLE_STRICT_OBJC_MSGSEND = YES;
				GCC_C_LANGUAGE_STANDARD = gnu11;
				GCC_NO_COMMON_BLOCKS = YES;
				GCC_WARN_64_TO_32_BIT_CONVERSION = YES;
				GCC_WARN_ABOUT_RETURN_TYPE = YES_ERROR;
				GCC_WARN_UNDECLARED_SELECTOR = YES;
				GCC_WARN_UNINITIALIZED_AUTOS = YES_AGGRESSIVE;
				GCC_WARN_UNUSED_FUNCTION = YES;
				GCC_WARN_UNUSED_VARIABLE = YES;
				IPHONEOS_DEPLOYMENT_TARGET = 12.0;
				MTL_ENABLE_DEBUG_INFO = NO;
				MTL_FAST_MATH = YES;
				SDKROOT = iphoneos;
				SWIFT_COMPILATION_MODE = wholemodule;
				SWIFT_OPTIMIZATION_LEVEL = "-O";
				VALIDATE_PRODUCT = YES;
			};
			name = Release;
		};
		3AFE6A10216264F300859AD3 /* Debug */ = {
			isa = XCBuildConfiguration;
			baseConfigurationReference = 9E3A98741BB90193B5AF0AB1 /* Pods-Mind_Band.debug.xcconfig */;
			buildSettings = {
				ASSETCATALOG_COMPILER_APPICON_NAME = AppIcon;
				CODE_SIGN_STYLE = Automatic;
				DEVELOPMENT_TEAM = 4C47ZVS5JD;
				INFOPLIST_FILE = Mind_Band/Info.plist;
				IPHONEOS_DEPLOYMENT_TARGET = 12.2;
				LD_RUNPATH_SEARCH_PATHS = (
					"$(inherited)",
					"@executable_path/Frameworks",
				);
				PRODUCT_BUNDLE_IDENTIFIER = "com.lee.Mind-Band";
				PRODUCT_NAME = "$(TARGET_NAME)";
				SWIFT_VERSION = 5.0;
				TARGETED_DEVICE_FAMILY = 1;
			};
			name = Debug;
		};
		3AFE6A11216264F300859AD3 /* Release */ = {
			isa = XCBuildConfiguration;
			baseConfigurationReference = FC7D1559F0F4F2B64C1E57EC /* Pods-Mind_Band.release.xcconfig */;
			buildSettings = {
				ASSETCATALOG_COMPILER_APPICON_NAME = AppIcon;
				CODE_SIGN_STYLE = Automatic;
				DEVELOPMENT_TEAM = 4C47ZVS5JD;
				INFOPLIST_FILE = Mind_Band/Info.plist;
				IPHONEOS_DEPLOYMENT_TARGET = 12.2;
				LD_RUNPATH_SEARCH_PATHS = (
					"$(inherited)",
					"@executable_path/Frameworks",
				);
				PRODUCT_BUNDLE_IDENTIFIER = "com.lee.Mind-Band";
				PRODUCT_NAME = "$(TARGET_NAME)";
				SWIFT_VERSION = 5.0;
				TARGETED_DEVICE_FAMILY = 1;
			};
			name = Release;
		};
/* End XCBuildConfiguration section */

/* Begin XCConfigurationList section */
		3AFE69F8216264F100859AD3 /* Build configuration list for PBXProject "Mind_Band" */ = {
			isa = XCConfigurationList;
			buildConfigurations = (
				3AFE6A0D216264F300859AD3 /* Debug */,
				3AFE6A0E216264F300859AD3 /* Release */,
			);
			defaultConfigurationIsVisible = 0;
			defaultConfigurationName = Release;
		};
		3AFE6A0F216264F300859AD3 /* Build configuration list for PBXNativeTarget "Mind_Band" */ = {
			isa = XCConfigurationList;
			buildConfigurations = (
				3AFE6A10216264F300859AD3 /* Debug */,
				3AFE6A11216264F300859AD3 /* Release */,
			);
			defaultConfigurationIsVisible = 0;
			defaultConfigurationName = Release;
		};
/* End XCConfigurationList section */
	};
	rootObject = 3AFE69F5216264F100859AD3 /* Project object */;
}
